
Microsoft Visual Studio Solution File, Format Version 12.00
# Visual Studio Version 17
VisualStudioVersion = 17.13.35818.85
MinimumVisualStudioVersion = 10.0.40219.1
Project("{8BC9CEB8-8B4A-11D0-8D11-00A0C91BC942}") = "Lesson2", "Lesson2\Lesson2.vcxproj", "{D956173B-E248-4A39-93B2-CD48435EF7F5}"
EndProject
Project("{8BC9CEB8-8B4A-11D0-8D11-00A0C91BC942}") = "Ex2", "Ex2\Ex2.vcxproj", "{68E66466-3788-429F-A1FE-399D734C0247}"
EndProject
Project("{8BC9CEB8-8B4A-11D0-8D11-00A0C91BC942}") = "Lesson1", "Lesson1\Lesson1.vcxproj", "{3DFDB030-CE57-457E-BC8E-06D640DCC2AC}"
EndProject
Project("{8BC9CEB8-8B4A-11D0-8D11-00A0C91BC942}") = "Ex1", "Ex1\Ex1.vcxproj", "{9C8F6051-9790-406C-9CC1-63F166BD91A2}"
EndProject
Project("{8BC9CEB8-8B4A-11D0-8D11-00A0C91BC942}") = "Test", "Test\Test.vcxproj", "{02BD0283-D343-4E9E-8427-09C2702084C1}"
EndProject
Project("{8BC9CEB8-8B4A-11D0-8D11-00A0C91BC942}") = "Test2", "Test2\Test2.vcxproj", "{DF7C9129-BE2C-4DBD-A904-3CB9FD1ADE6B}"
EndProject
Project("{8BC9CEB8-8B4A-11D0-8D11-00A0C91BC942}") = "Ex3", "Ex3\Ex3.vcxproj", "{FDE5D451-DA52-413B-BCF8-64485982BCC1}"
EndProject
Project("{8BC9CEB8-8B4A-11D0-8D11-00A0C91BC942}") = "Lesson4", "Lesson4\Lesson4.vcxproj", "{A97207CE-E477-4960-A473-0B9B514FF082}"
EndProject
Project("{8BC9CEB8-8B4A-11D0-8D11-00A0C91BC942}") = "Ex4", "Ex4\Ex4.vcxproj", "{332C47AF-4219-4185-A7EF-99A5C35C17BB}"
EndProject
Project("{8BC9CEB8-8B4A-11D0-8D11-00A0C91BC942}") = "Lesson5", "Lesson5\Lesson5.vcxproj", "{C569B0CA-5626-4FCB-A101-21F7D97383C5}"
EndProject
Project("{8BC9CEB8-8B4A-11D0-8D11-00A0C91BC942}") = "Lesson6", "Lesson6\Lesson6.vcxproj", "{D680F512-C320-4D04-B060-3A1E921F7B8F}"
EndProject
Project("{8BC9CEB8-8B4A-11D0-8D11-00A0C91BC942}") = "Ex6", "Ex6\Ex6.vcxproj", "{6356AC94-19EB-4D33-8A19-BDF9D1439935}"
EndProject
Project("{8BC9CEB8-8B4A-11D0-8D11-00A0C91BC942}") = "Ex7", "Ex7\Ex7.vcxproj", "{BEB8E97B-41A7-4F47-A40B-F5E6F989FE56}"
EndProject
Project("{8BC9CEB8-8B4A-11D0-8D11-00A0C91BC942}") = "Lesson9", "Lesson9\Lesson9.vcxproj", "{9F6E3602-FB8F-4A2F-BB4F-CB70EEBD8218}"
EndProject
Project("{8BC9CEB8-8B4A-11D0-8D11-00A0C91BC942}") = "Ex8", "Ex8\Ex8.vcxproj", "{2BCEC912-9A85-4B86-BC9E-0C2C893CC224}"
EndProject
Project("{8BC9CEB8-8B4A-11D0-8D11-00A0C91BC942}") = "Ex9", "Ex9\Ex9.vcxproj", "{DD43BCDB-62AA-45A8-B7F7-AF3C706CE0BD}"
EndProject
Project("{8BC9CEB8-8B4A-11D0-8D11-00A0C91BC942}") = "Ex9_1", "Ex9_1\Ex9_1.vcxproj", "{2C40369C-3950-4FAB-B5EE-74E1B12FAAB8}"
EndProject
Project("{8BC9CEB8-8B4A-11D0-8D11-00A0C91BC942}") = "Ex9_2", "Ex9_2\Ex9_2.vcxproj", "{19A98B27-89E9-46C7-83F9-0EE26C50A660}"
EndProject
Global
	GlobalSection(SolutionConfigurationPlatforms) = preSolution
		Debug|x64 = Debug|x64
		Debug|x86 = Debug|x86
		Release|x64 = Release|x64
		Release|x86 = Release|x86
	EndGlobalSection
	GlobalSection(ProjectConfigurationPlatforms) = postSolution
		{D956173B-E248-4A39-93B2-CD48435EF7F5}.Debug|x64.ActiveCfg = Debug|x64
		{D956173B-E248-4A39-93B2-CD48435EF7F5}.Debug|x64.Build.0 = Debug|x64
		{D956173B-E248-4A39-93B2-CD48435EF7F5}.Debug|x86.ActiveCfg = Debug|Win32
		{D956173B-E248-4A39-93B2-CD48435EF7F5}.Debug|x86.Build.0 = Debug|Win32
		{D956173B-E248-4A39-93B2-CD48435EF7F5}.Release|x64.ActiveCfg = Release|x64
		{D956173B-E248-4A39-93B2-CD48435EF7F5}.Release|x64.Build.0 = Release|x64
		{D956173B-E248-4A39-93B2-CD48435EF7F5}.Release|x86.ActiveCfg = Release|Win32
		{D956173B-E248-4A39-93B2-CD48435EF7F5}.Release|x86.Build.0 = Release|Win32
		{68E66466-3788-429F-A1FE-399D734C0247}.Debug|x64.ActiveCfg = Debug|x64
		{68E66466-3788-429F-A1FE-399D734C0247}.Debug|x64.Build.0 = Debug|x64
		{68E66466-3788-429F-A1FE-399D734C0247}.Debug|x86.ActiveCfg = Debug|Win32
		{68E66466-3788-429F-A1FE-399D734C0247}.Debug|x86.Build.0 = Debug|Win32
		{68E66466-3788-429F-A1FE-399D734C0247}.Release|x64.ActiveCfg = Release|x64
		{68E66466-3788-429F-A1FE-399D734C0247}.Release|x64.Build.0 = Release|x64
		{68E66466-3788-429F-A1FE-399D734C0247}.Release|x86.ActiveCfg = Release|Win32
		{68E66466-3788-429F-A1FE-399D734C0247}.Release|x86.Build.0 = Release|Win32
		{3DFDB030-CE57-457E-BC8E-06D640DCC2AC}.Debug|x64.ActiveCfg = Debug|x64
		{3DFDB030-CE57-457E-BC8E-06D640DCC2AC}.Debug|x64.Build.0 = Debug|x64
		{3DFDB030-CE57-457E-BC8E-06D640DCC2AC}.Debug|x86.ActiveCfg = Debug|Win32
		{3DFDB030-CE57-457E-BC8E-06D640DCC2AC}.Debug|x86.Build.0 = Debug|Win32
		{3DFDB030-CE57-457E-BC8E-06D640DCC2AC}.Release|x64.ActiveCfg = Release|x64
		{3DFDB030-CE57-457E-BC8E-06D640DCC2AC}.Release|x64.Build.0 = Release|x64
		{3DFDB030-CE57-457E-BC8E-06D640DCC2AC}.Release|x86.ActiveCfg = Release|Win32
		{3DFDB030-CE57-457E-BC8E-06D640DCC2AC}.Release|x86.Build.0 = Release|Win32
		{9C8F6051-9790-406C-9CC1-63F166BD91A2}.Debug|x64.ActiveCfg = Debug|x64
		{9C8F6051-9790-406C-9CC1-63F166BD91A2}.Debug|x64.Build.0 = Debug|x64
		{9C8F6051-9790-406C-9CC1-63F166BD91A2}.Debug|x86.ActiveCfg = Debug|Win32
		{9C8F6051-9790-406C-9CC1-63F166BD91A2}.Debug|x86.Build.0 = Debug|Win32
		{9C8F6051-9790-406C-9CC1-63F166BD91A2}.Release|x64.ActiveCfg = Release|x64
		{9C8F6051-9790-406C-9CC1-63F166BD91A2}.Release|x64.Build.0 = Release|x64
		{9C8F6051-9790-406C-9CC1-63F166BD91A2}.Release|x86.ActiveCfg = Release|Win32
		{9C8F6051-9790-406C-9CC1-63F166BD91A2}.Release|x86.Build.0 = Release|Win32
		{02BD0283-D343-4E9E-8427-09C2702084C1}.Debug|x64.ActiveCfg = Debug|x64
		{02BD0283-D343-4E9E-8427-09C2702084C1}.Debug|x64.Build.0 = Debug|x64
		{02BD0283-D343-4E9E-8427-09C2702084C1}.Debug|x86.ActiveCfg = Debug|Win32
		{02BD0283-D343-4E9E-8427-09C2702084C1}.Debug|x86.Build.0 = Debug|Win32
		{02BD0283-D343-4E9E-8427-09C2702084C1}.Release|x64.ActiveCfg = Release|x64
		{02BD0283-D343-4E9E-8427-09C2702084C1}.Release|x64.Build.0 = Release|x64
		{02BD0283-D343-4E9E-8427-09C2702084C1}.Release|x86.ActiveCfg = Release|Win32
		{02BD0283-D343-4E9E-8427-09C2702084C1}.Release|x86.Build.0 = Release|Win32
		{DF7C9129-BE2C-4DBD-A904-3CB9FD1ADE6B}.Debug|x64.ActiveCfg = Debug|x64
		{DF7C9129-BE2C-4DBD-A904-3CB9FD1ADE6B}.Debug|x64.Build.0 = Debug|x64
		{DF7C9129-BE2C-4DBD-A904-3CB9FD1ADE6B}.Debug|x86.ActiveCfg = Debug|Win32
		{DF7C9129-BE2C-4DBD-A904-3CB9FD1ADE6B}.Debug|x86.Build.0 = Debug|Win32
		{DF7C9129-BE2C-4DBD-A904-3CB9FD1ADE6B}.Release|x64.ActiveCfg = Release|x64
		{DF7C9129-BE2C-4DBD-A904-3CB9FD1ADE6B}.Release|x64.Build.0 = Release|x64
		{DF7C9129-BE2C-4DBD-A904-3CB9FD1ADE6B}.Release|x86.ActiveCfg = Release|Win32
		{DF7C9129-BE2C-4DBD-A904-3CB9FD1ADE6B}.Release|x86.Build.0 = Release|Win32
		{FDE5D451-DA52-413B-BCF8-64485982BCC1}.Debug|x64.ActiveCfg = Debug|x64
		{FDE5D451-DA52-413B-BCF8-64485982BCC1}.Debug|x64.Build.0 = Debug|x64
		{FDE5D451-DA52-413B-BCF8-64485982BCC1}.Debug|x86.ActiveCfg = Debug|Win32
		{FDE5D451-DA52-413B-BCF8-64485982BCC1}.Debug|x86.Build.0 = Debug|Win32
		{FDE5D451-DA52-413B-BCF8-64485982BCC1}.Release|x64.ActiveCfg = Release|x64
		{FDE5D451-DA52-413B-BCF8-64485982BCC1}.Release|x64.Build.0 = Release|x64
		{FDE5D451-DA52-413B-BCF8-64485982BCC1}.Release|x86.ActiveCfg = Release|Win32
		{FDE5D451-DA52-413B-BCF8-64485982BCC1}.Release|x86.Build.0 = Release|Win32
		{A97207CE-E477-4960-A473-0B9B514FF082}.Debug|x64.ActiveCfg = Debug|x64
		{A97207CE-E477-4960-A473-0B9B514FF082}.Debug|x64.Build.0 = Debug|x64
		{A97207CE-E477-4960-A473-0B9B514FF082}.Debug|x86.ActiveCfg = Debug|Win32
		{A97207CE-E477-4960-A473-0B9B514FF082}.Debug|x86.Build.0 = Debug|Win32
		{A97207CE-E477-4960-A473-0B9B514FF082}.Release|x64.ActiveCfg = Release|x64
		{A97207CE-E477-4960-A473-0B9B514FF082}.Release|x64.Build.0 = Release|x64
		{A97207CE-E477-4960-A473-0B9B514FF082}.Release|x86.ActiveCfg = Release|Win32
		{A97207CE-E477-4960-A473-0B9B514FF082}.Release|x86.Build.0 = Release|Win32
		{332C47AF-4219-4185-A7EF-99A5C35C17BB}.Debug|x64.ActiveCfg = Debug|x64
		{332C47AF-4219-4185-A7EF-99A5C35C17BB}.Debug|x64.Build.0 = Debug|x64
		{332C47AF-4219-4185-A7EF-99A5C35C17BB}.Debug|x86.ActiveCfg = Debug|Win32
		{332C47AF-4219-4185-A7EF-99A5C35C17BB}.Debug|x86.Build.0 = Debug|Win32
		{332C47AF-4219-4185-A7EF-99A5C35C17BB}.Release|x64.ActiveCfg = Release|x64
		{332C47AF-4219-4185-A7EF-99A5C35C17BB}.Release|x64.Build.0 = Release|x64
		{332C47AF-4219-4185-A7EF-99A5C35C17BB}.Release|x86.ActiveCfg = Release|Win32
		{332C47AF-4219-4185-A7EF-99A5C35C17BB}.Release|x86.Build.0 = Release|Win32
		{C569B0CA-5626-4FCB-A101-21F7D97383C5}.Debug|x64.ActiveCfg = Debug|x64
		{C569B0CA-5626-4FCB-A101-21F7D97383C5}.Debug|x64.Build.0 = Debug|x64
		{C569B0CA-5626-4FCB-A101-21F7D97383C5}.Debug|x86.ActiveCfg = Debug|Win32
		{C569B0CA-5626-4FCB-A101-21F7D97383C5}.Debug|x86.Build.0 = Debug|Win32
		{C569B0CA-5626-4FCB-A101-21F7D97383C5}.Release|x64.ActiveCfg = Release|x64
		{C569B0CA-5626-4FCB-A101-21F7D97383C5}.Release|x64.Build.0 = Release|x64
		{C569B0CA-5626-4FCB-A101-21F7D97383C5}.Release|x86.ActiveCfg = Release|Win32
		{C569B0CA-5626-4FCB-A101-21F7D97383C5}.Release|x86.Build.0 = Release|Win32
		{D680F512-C320-4D04-B060-3A1E921F7B8F}.Debug|x64.ActiveCfg = Debug|x64
		{D680F512-C320-4D04-B060-3A1E921F7B8F}.Debug|x64.Build.0 = Debug|x64
		{D680F512-C320-4D04-B060-3A1E921F7B8F}.Debug|x86.ActiveCfg = Debug|Win32
		{D680F512-C320-4D04-B060-3A1E921F7B8F}.Debug|x86.Build.0 = Debug|Win32
		{D680F512-C320-4D04-B060-3A1E921F7B8F}.Release|x64.ActiveCfg = Release|x64
		{D680F512-C320-4D04-B060-3A1E921F7B8F}.Release|x64.Build.0 = Release|x64
		{D680F512-C320-4D04-B060-3A1E921F7B8F}.Release|x86.ActiveCfg = Release|Win32
		{D680F512-C320-4D04-B060-3A1E921F7B8F}.Release|x86.Build.0 = Release|Win32
		{6356AC94-19EB-4D33-8A19-BDF9D1439935}.Debug|x64.ActiveCfg = Debug|x64
		{6356AC94-19EB-4D33-8A19-BDF9D1439935}.Debug|x64.Build.0 = Debug|x64
		{6356AC94-19EB-4D33-8A19-BDF9D1439935}.Debug|x86.ActiveCfg = Debug|Win32
		{6356AC94-19EB-4D33-8A19-BDF9D1439935}.Debug|x86.Build.0 = Debug|Win32
		{6356AC94-19EB-4D33-8A19-BDF9D1439935}.Release|x64.ActiveCfg = Release|x64
		{6356AC94-19EB-4D33-8A19-BDF9D1439935}.Release|x64.Build.0 = Release|x64
		{6356AC94-19EB-4D33-8A19-BDF9D1439935}.Release|x86.ActiveCfg = Release|Win32
		{6356AC94-19EB-4D33-8A19-BDF9D1439935}.Release|x86.Build.0 = Release|Win32
		{BEB8E97B-41A7-4F47-A40B-F5E6F989FE56}.Debug|x64.ActiveCfg = Debug|x64
		{BEB8E97B-41A7-4F47-A40B-F5E6F989FE56}.Debug|x64.Build.0 = Debug|x64
		{BEB8E97B-41A7-4F47-A40B-F5E6F989FE56}.Debug|x86.ActiveCfg = Debug|Win32
		{BEB8E97B-41A7-4F47-A40B-F5E6F989FE56}.Debug|x86.Build.0 = Debug|Win32
		{BEB8E97B-41A7-4F47-A40B-F5E6F989FE56}.Release|x64.ActiveCfg = Release|x64
		{BEB8E97B-41A7-4F47-A40B-F5E6F989FE56}.Release|x64.Build.0 = Release|x64
		{BEB8E97B-41A7-4F47-A40B-F5E6F989FE56}.Release|x86.ActiveCfg = Release|Win32
		{BEB8E97B-41A7-4F47-A40B-F5E6F989FE56}.Release|x86.Build.0 = Release|Win32
		{9F6E3602-FB8F-4A2F-BB4F-CB70EEBD8218}.Debug|x64.ActiveCfg = Debug|x64
		{9F6E3602-FB8F-4A2F-BB4F-CB70EEBD8218}.Debug|x64.Build.0 = Debug|x64
		{9F6E3602-FB8F-4A2F-BB4F-CB70EEBD8218}.Debug|x86.ActiveCfg = Debug|Win32
		{9F6E3602-FB8F-4A2F-BB4F-CB70EEBD8218}.Debug|x86.Build.0 = Debug|Win32
		{9F6E3602-FB8F-4A2F-BB4F-CB70EEBD8218}.Release|x64.ActiveCfg = Release|x64
		{9F6E3602-FB8F-4A2F-BB4F-CB70EEBD8218}.Release|x64.Build.0 = Release|x64
		{9F6E3602-FB8F-4A2F-BB4F-CB70EEBD8218}.Release|x86.ActiveCfg = Release|Win32
		{9F6E3602-FB8F-4A2F-BB4F-CB70EEBD8218}.Release|x86.Build.0 = Release|Win32
		{2BCEC912-9A85-4B86-BC9E-0C2C893CC224}.Debug|x64.ActiveCfg = Debug|x64
		{2BCEC912-9A85-4B86-BC9E-0C2C893CC224}.Debug|x64.Build.0 = Debug|x64
		{2BCEC912-9A85-4B86-BC9E-0C2C893CC224}.Debug|x86.ActiveCfg = Debug|Win32
		{2BCEC912-9A85-4B86-BC9E-0C2C893CC224}.Debug|x86.Build.0 = Debug|Win32
		{2BCEC912-9A85-4B86-BC9E-0C2C893CC224}.Release|x64.ActiveCfg = Release|x64
		{2BCEC912-9A85-4B86-BC9E-0C2C893CC224}.Release|x64.Build.0 = Release|x64
		{2BCEC912-9A85-4B86-BC9E-0C2C893CC224}.Release|x86.ActiveCfg = Release|Win32
		{2BCEC912-9A85-4B86-BC9E-0C2C893CC224}.Release|x86.Build.0 = Release|Win32
		{DD43BCDB-62AA-45A8-B7F7-AF3C706CE0BD}.Debug|x64.ActiveCfg = Debug|x64
		{DD43BCDB-62AA-45A8-B7F7-AF3C706CE0BD}.Debug|x64.Build.0 = Debug|x64
		{DD43BCDB-62AA-45A8-B7F7-AF3C706CE0BD}.Debug|x86.ActiveCfg = Debug|Win32
		{DD43BCDB-62AA-45A8-B7F7-AF3C706CE0BD}.Debug|x86.Build.0 = Debug|Win32
		{DD43BCDB-62AA-45A8-B7F7-AF3C706CE0BD}.Release|x64.ActiveCfg = Release|x64
		{DD43BCDB-62AA-45A8-B7F7-AF3C706CE0BD}.Release|x64.Build.0 = Release|x64
		{DD43BCDB-62AA-45A8-B7F7-AF3C706CE0BD}.Release|x86.ActiveCfg = Release|Win32
		{DD43BCDB-62AA-45A8-B7F7-AF3C706CE0BD}.Release|x86.Build.0 = Release|Win32
		{2C40369C-3950-4FAB-B5EE-74E1B12FAAB8}.Debug|x64.ActiveCfg = Debug|x64
		{2C40369C-3950-4FAB-B5EE-74E1B12FAAB8}.Debug|x64.Build.0 = Debug|x64
		{2C40369C-3950-4FAB-B5EE-74E1B12FAAB8}.Debug|x86.ActiveCfg = Debug|Win32
		{2C40369C-3950-4FAB-B5EE-74E1B12FAAB8}.Debug|x86.Build.0 = Debug|Win32
		{2C40369C-3950-4FAB-B5EE-74E1B12FAAB8}.Release|x64.ActiveCfg = Release|x64
		{2C40369C-3950-4FAB-B5EE-74E1B12FAAB8}.Release|x64.Build.0 = Release|x64
		{2C40369C-3950-4FAB-B5EE-74E1B12FAAB8}.Release|x86.ActiveCfg = Release|Win32
		{2C40369C-3950-4FAB-B5EE-74E1B12FAAB8}.Release|x86.Build.0 = Release|Win32
		{19A98B27-89E9-46C7-83F9-0EE26C50A660}.Debug|x64.ActiveCfg = Debug|x64
		{19A98B27-89E9-46C7-83F9-0EE26C50A660}.Debug|x64.Build.0 = Debug|x64
		{19A98B27-89E9-46C7-83F9-0EE26C50A660}.Debug|x86.ActiveCfg = Debug|Win32
		{19A98B27-89E9-46C7-83F9-0EE26C50A660}.Debug|x86.Build.0 = Debug|Win32
		{19A98B27-89E9-46C7-83F9-0EE26C50A660}.Release|x64.ActiveCfg = Release|x64
		{19A98B27-89E9-46C7-83F9-0EE26C50A660}.Release|x64.Build.0 = Release|x64
		{19A98B27-89E9-46C7-83F9-0EE26C50A660}.Release|x86.ActiveCfg = Release|Win32
		{19A98B27-89E9-46C7-83F9-0EE26C50A660}.Release|x86.Build.0 = Release|Win32
	EndGlobalSection
	GlobalSection(SolutionProperties) = preSolution
		HideSolutionNode = FALSE
	EndGlobalSection
	GlobalSection(ExtensibilityGlobals) = postSolution
		SolutionGuid = {BE165471-D86C-4FF6-B137-D8D9CC707C9B}
	EndGlobalSection
EndGlobal
